
Microsoft Visual Studio Solution File, Format Version 12.00
# Visual Studio 15
VisualStudioVersion = 15.0.28307.1401
MinimumVisualStudioVersion = 10.0.40219.1
Project("{F184B08F-C81C-45F6-A57F-5ABD9991F28F}") = "MIPLQC", "MIPLQC\MIPLQC.vbproj", "{4D254612-51DE-4A60-BFB9-CD5DC2A234E4}"
EndProject
Global
	GlobalSection(SolutionConfigurationPlatforms) = preSolution
		Debug|x64 = Debug|x64
		Debug|x86 = Debug|x86
		Release|x64 = Release|x64
		Release|x86 = Release|x86
	EndGlobalSection
	GlobalSection(ProjectConfigurationPlatforms) = postSolution
		{4D254612-51DE-4A60-BFB9-CD5DC2A234E4}.Debug|x64.ActiveCfg = Debug|x64
		{4D254612-51DE-4A60-BFB9-CD5DC2A234E4}.Debug|x64.Build.0 = Debug|x64
		{4D254612-51DE-4A60-BFB9-CD5DC2A234E4}.Debug|x86.ActiveCfg = Debug|x86
		{4D254612-51DE-4A60-BFB9-CD5DC2A234E4}.Debug|x86.Build.0 = Debug|x86
		{4D254612-51DE-4A60-BFB9-CD5DC2A234E4}.Release|x64.ActiveCfg = Release|x64
		{4D254612-51DE-4A60-BFB9-CD5DC2A234E4}.Release|x64.Build.0 = Release|x64
		{4D254612-51DE-4A60-BFB9-CD5DC2A234E4}.Release|x86.ActiveCfg = Release|x86
		{4D254612-51DE-4A60-BFB9-CD5DC2A234E4}.Release|x86.Build.0 = Release|x86
	EndGlobalSection
	GlobalSection(SolutionProperties) = preSolution
		HideSolutionNode = FALSE
	EndGlobalSection
	GlobalSection(ExtensibilityGlobals) = postSolution
		SolutionGuid = {208FC810-F36F-41C1-833B-8193C197E9D2}
	EndGlobalSection
EndGlobal
